// !$*UTF8*$!
{
	archiveVersion = 1;
	classes = {
	};
	objectVersion = 55;
	objects = {

/* Begin PBXBuildFile section */
		B34152FC281D84FB00502F06 /* PreviousCalculations.swift in Sources */ = {isa = PBXBuildFile; fileRef = B34152FB281D84FB00502F06 /* PreviousCalculations.swift */; };
		B34614FE2819528F005A1C9E /* Color+Extensions.swift in Sources */ = {isa = PBXBuildFile; fileRef = B34614FD2819528F005A1C9E /* Color+Extensions.swift */; };
		B34615002819722A005A1C9E /* Calculation.swift in Sources */ = {isa = PBXBuildFile; fileRef = B34614FF2819722A005A1C9E /* Calculation.swift */; };
		B34B419B28188478003FD8B5 /* FlexButton.swift in Sources */ = {isa = PBXBuildFile; fileRef = B34B419A28188478003FD8B5 /* FlexButton.swift */; };
		B36439E92822C9F60090E7F5 /* Settings.swift in Sources */ = {isa = PBXBuildFile; fileRef = B36439E82822C9F60090E7F5 /* Settings.swift */; };
		B36439EB28240B6E0090E7F5 /* SettingRow.swift in Sources */ = {isa = PBXBuildFile; fileRef = B36439EA28240B6E0090E7F5 /* SettingRow.swift */; };
		B36439ED282416030090E7F5 /* ButtonStyles.swift in Sources */ = {isa = PBXBuildFile; fileRef = B36439EC282416030090E7F5 /* ButtonStyles.swift */; };
		B3968CA4281C0C0700419BEE /* Calculator.swift in Sources */ = {isa = PBXBuildFile; fileRef = B3968CA3281C0C0700419BEE /* Calculator.swift */; };
		B3AA919E28184781004F004C /* Time_LogApp.swift in Sources */ = {isa = PBXBuildFile; fileRef = B3AA919D28184781004F004C /* Time_LogApp.swift */; };
		B3AA91A028184781004F004C /* CalculatorView.swift in Sources */ = {isa = PBXBuildFile; fileRef = B3AA919F28184781004F004C /* CalculatorView.swift */; };
		B3AA91A228184785004F004C /* Assets.xcassets in Resources */ = {isa = PBXBuildFile; fileRef = B3AA91A128184785004F004C /* Assets.xcassets */; };
		B3AA91A528184785004F004C /* Preview Assets.xcassets in Resources */ = {isa = PBXBuildFile; fileRef = B3AA91A428184785004F004C /* Preview Assets.xcassets */; };
/* End PBXBuildFile section */

/* Begin PBXFileReference section */
		B34152FB281D84FB00502F06 /* PreviousCalculations.swift */ = {isa = PBXFileReference; lastKnownFileType = sourcecode.swift; path = PreviousCalculations.swift; sourceTree = "<group>"; };
		B34614FD2819528F005A1C9E /* Color+Extensions.swift */ = {isa = PBXFileReference; lastKnownFileType = sourcecode.swift; path = "Color+Extensions.swift"; sourceTree = "<group>"; };
		B34614FF2819722A005A1C9E /* Calculation.swift */ = {isa = PBXFileReference; lastKnownFileType = sourcecode.swift; path = Calculation.swift; sourceTree = "<group>"; };
		B34B419A28188478003FD8B5 /* FlexButton.swift */ = {isa = PBXFileReference; lastKnownFileType = sourcecode.swift; path = FlexButton.swift; sourceTree = "<group>"; };
		B36439E82822C9F60090E7F5 /* Settings.swift */ = {isa = PBXFileReference; lastKnownFileType = sourcecode.swift; path = Settings.swift; sourceTree = "<group>"; };
		B36439EA28240B6E0090E7F5 /* SettingRow.swift */ = {isa = PBXFileReference; lastKnownFileType = sourcecode.swift; path = SettingRow.swift; sourceTree = "<group>"; };
		B36439EC282416030090E7F5 /* ButtonStyles.swift */ = {isa = PBXFileReference; lastKnownFileType = sourcecode.swift; path = ButtonStyles.swift; sourceTree = "<group>"; };
		B3968CA3281C0C0700419BEE /* Calculator.swift */ = {isa = PBXFileReference; lastKnownFileType = sourcecode.swift; path = Calculator.swift; sourceTree = "<group>"; };
		B3AA3BEF282021F20083EE94 /* Time-Log-Info.plist */ = {isa = PBXFileReference; lastKnownFileType = text.plist; path = "Time-Log-Info.plist"; sourceTree = SOURCE_ROOT; };
		B3AA919A28184781004F004C /* Time Log.app */ = {isa = PBXFileReference; explicitFileType = wrapper.application; includeInIndex = 0; path = "Time Log.app"; sourceTree = BUILT_PRODUCTS_DIR; };
		B3AA919D28184781004F004C /* Time_LogApp.swift */ = {isa = PBXFileReference; lastKnownFileType = sourcecode.swift; path = Time_LogApp.swift; sourceTree = "<group>"; };
		B3AA919F28184781004F004C /* CalculatorView.swift */ = {isa = PBXFileReference; lastKnownFileType = sourcecode.swift; path = CalculatorView.swift; sourceTree = "<group>"; };
		B3AA91A128184785004F004C /* Assets.xcassets */ = {isa = PBXFileReference; lastKnownFileType = folder.assetcatalog; path = Assets.xcassets; sourceTree = "<group>"; };
		B3AA91A428184785004F004C /* Preview Assets.xcassets */ = {isa = PBXFileReference; lastKnownFileType = folder.assetcatalog; path = "Preview Assets.xcassets"; sourceTree = "<group>"; };
/* End PBXFileReference section */

/* Begin PBXFrameworksBuildPhase section */
		B3AA919728184781004F004C /* Frameworks */ = {
			isa = PBXFrameworksBuildPhase;
			buildActionMask = 2147483647;
			files = (
			);
			runOnlyForDeploymentPostprocessing = 0;
		};
/* End PBXFrameworksBuildPhase section */

/* Begin PBXGroup section */
		B36A538F2821242D000E0C20 /* Views */ = {
			isa = PBXGroup;
			children = (
				B3AA919F28184781004F004C /* CalculatorView.swift */,
				B34B419A28188478003FD8B5 /* FlexButton.swift */,
				B34152FB281D84FB00502F06 /* PreviousCalculations.swift */,
				B36439EC282416030090E7F5 /* ButtonStyles.swift */,
				B36439E82822C9F60090E7F5 /* Settings.swift */,
				B36439EA28240B6E0090E7F5 /* SettingRow.swift */,
			);
			path = Views;
			sourceTree = "<group>";
		};
		B36A539028212531000E0C20 /* Extentions */ = {
			isa = PBXGroup;
			children = (
				B34614FD2819528F005A1C9E /* Color+Extensions.swift */,
			);
			name = Extentions;
			sourceTree = "<group>";
		};
		B36A5391282125B6000E0C20 /* Model */ = {
			isa = PBXGroup;
			children = (
				B34614FF2819722A005A1C9E /* Calculation.swift */,
			);
			path = Model;
			sourceTree = "<group>";
		};
		B36A539228212611000E0C20 /* ViewModel */ = {
			isa = PBXGroup;
			children = (
				B3968CA3281C0C0700419BEE /* Calculator.swift */,
			);
			path = ViewModel;
			sourceTree = "<group>";
		};
		B3AA919128184781004F004C = {
			isa = PBXGroup;
			children = (
				B3AA919C28184781004F004C /* Time Log */,
				B3AA919B28184781004F004C /* Products */,
			);
			sourceTree = "<group>";
		};
		B3AA919B28184781004F004C /* Products */ = {
			isa = PBXGroup;
			children = (
				B3AA919A28184781004F004C /* Time Log.app */,
			);
			name = Products;
			sourceTree = "<group>";
		};
		B3AA919C28184781004F004C /* Time Log */ = {
			isa = PBXGroup;
			children = (
				B3AA919D28184781004F004C /* Time_LogApp.swift */,
				B3AA3BEF282021F20083EE94 /* Time-Log-Info.plist */,
				B36A538F2821242D000E0C20 /* Views */,
				B36A5391282125B6000E0C20 /* Model */,
				B36A539228212611000E0C20 /* ViewModel */,
				B36A539028212531000E0C20 /* Extentions */,
				B3AA91A128184785004F004C /* Assets.xcassets */,
				B3AA91A328184785004F004C /* Preview Content */,
			);
			path = "Time Log";
			sourceTree = "<group>";
		};
		B3AA91A328184785004F004C /* Preview Content */ = {
			isa = PBXGroup;
			children = (
				B3AA91A428184785004F004C /* Preview Assets.xcassets */,
			);
			path = "Preview Content";
			sourceTree = "<group>";
		};
/* End PBXGroup section */

/* Begin PBXNativeTarget section */
		B3AA919928184781004F004C /* Time Log */ = {
			isa = PBXNativeTarget;
			buildConfigurationList = B3AA91A828184785004F004C /* Build configuration list for PBXNativeTarget "Time Log" */;
			buildPhases = (
				B3AA919628184781004F004C /* Sources */,
				B3AA919728184781004F004C /* Frameworks */,
				B3AA919828184781004F004C /* Resources */,
			);
			buildRules = (
			);
			dependencies = (
			);
			name = "Time Log";
			productName = "Time Log";
			productReference = B3AA919A28184781004F004C /* Time Log.app */;
			productType = "com.apple.product-type.application";
		};
/* End PBXNativeTarget section */

/* Begin PBXProject section */
		B3AA919228184781004F004C /* Project object */ = {
			isa = PBXProject;
			attributes = {
				BuildIndependentTargetsInParallel = 1;
				LastSwiftUpdateCheck = 1330;
				LastUpgradeCheck = 1330;
				TargetAttributes = {
					B3AA919928184781004F004C = {
						CreatedOnToolsVersion = 13.3.1;
					};
				};
			};
			buildConfigurationList = B3AA919528184781004F004C /* Build configuration list for PBXProject "Time Log" */;
			compatibilityVersion = "Xcode 13.0";
			developmentRegion = en;
			hasScannedForEncodings = 0;
			knownRegions = (
				en,
				Base,
			);
			mainGroup = B3AA919128184781004F004C;
			productRefGroup = B3AA919B28184781004F004C /* Products */;
			projectDirPath = "";
			projectRoot = "";
			targets = (
				B3AA919928184781004F004C /* Time Log */,
			);
		};
/* End PBXProject section */

/* Begin PBXResourcesBuildPhase section */
		B3AA919828184781004F004C /* Resources */ = {
			isa = PBXResourcesBuildPhase;
			buildActionMask = 2147483647;
			files = (
				B3AA91A528184785004F004C /* Preview Assets.xcassets in Resources */,
				B3AA91A228184785004F004C /* Assets.xcassets in Resources */,
			);
			runOnlyForDeploymentPostprocessing = 0;
		};
/* End PBXResourcesBuildPhase section */

/* Begin PBXSourcesBuildPhase section */
		B3AA919628184781004F004C /* Sources */ = {
			isa = PBXSourcesBuildPhase;
			buildActionMask = 2147483647;
			files = (
				B3AA91A028184781004F004C /* CalculatorView.swift in Sources */,
				B3AA919E28184781004F004C /* Time_LogApp.swift in Sources */,
				B36439ED282416030090E7F5 /* ButtonStyles.swift in Sources */,
				B36439E92822C9F60090E7F5 /* Settings.swift in Sources */,
				B34B419B28188478003FD8B5 /* FlexButton.swift in Sources */,
				B34614FE2819528F005A1C9E /* Color+Extensions.swift in Sources */,
				B34615002819722A005A1C9E /* Calculation.swift in Sources */,
				B34152FC281D84FB00502F06 /* PreviousCalculations.swift in Sources */,
				B3968CA4281C0C0700419BEE /* Calculator.swift in Sources */,
				B36439EB28240B6E0090E7F5 /* SettingRow.swift in Sources */,
			);
			runOnlyForDeploymentPostprocessing = 0;
		};
/* End PBXSourcesBuildPhase section */

/* Begin XCBuildConfiguration section */
		B3AA91A628184785004F004C /* Debug */ = {
			isa = XCBuildConfiguration;
			buildSettings = {
				ALWAYS_SEARCH_USER_PATHS = NO;
				CLANG_ANALYZER_NONNULL = YES;
				CLANG_ANALYZER_NUMBER_OBJECT_CONVERSION = YES_AGGRESSIVE;
				CLANG_CXX_LANGUAGE_STANDARD = "gnu++17";
				CLANG_ENABLE_MODULES = YES;
				CLANG_ENABLE_OBJC_ARC = YES;
				CLANG_ENABLE_OBJC_WEAK = YES;
				CLANG_WARN_BLOCK_CAPTURE_AUTORELEASING = YES;
				CLANG_WARN_BOOL_CONVERSION = YES;
				CLANG_WARN_COMMA = YES;
				CLANG_WARN_CONSTANT_CONVERSION = YES;
				CLANG_WARN_DEPRECATED_OBJC_IMPLEMENTATIONS = YES;
				CLANG_WARN_DIRECT_OBJC_ISA_USAGE = YES_ERROR;
				CLANG_WARN_DOCUMENTATION_COMMENTS = YES;
				CLANG_WARN_EMPTY_BODY = YES;
				CLANG_WARN_ENUM_CONVERSION = YES;
				CLANG_WARN_INFINITE_RECURSION = YES;
				CLANG_WARN_INT_CONVERSION = YES;
				CLANG_WARN_NON_LITERAL_NULL_CONVERSION = YES;
				CLANG_WARN_OBJC_IMPLICIT_RETAIN_SELF = YES;
				CLANG_WARN_OBJC_LITERAL_CONVERSION = YES;
				CLANG_WARN_OBJC_ROOT_CLASS = YES_ERROR;
				CLANG_WARN_QUOTED_INCLUDE_IN_FRAMEWORK_HEADER = YES;
				CLANG_WARN_RANGE_LOOP_ANALYSIS = YES;
				CLANG_WARN_STRICT_PROTOTYPES = YES;
				CLANG_WARN_SUSPICIOUS_MOVE = YES;
				CLANG_WARN_UNGUARDED_AVAILABILITY = YES_AGGRESSIVE;
				CLANG_WARN_UNREACHABLE_CODE = YES;
				CLANG_WARN__DUPLICATE_METHOD_MATCH = YES;
				COPY_PHASE_STRIP = NO;
				DEBUG_INFORMATION_FORMAT = dwarf;
				ENABLE_STRICT_OBJC_MSGSEND = YES;
				ENABLE_TESTABILITY = YES;
				GCC_C_LANGUAGE_STANDARD = gnu11;
				GCC_DYNAMIC_NO_PIC = NO;
				GCC_NO_COMMON_BLOCKS = YES;
				GCC_OPTIMIZATION_LEVEL = 0;
				GCC_PREPROCESSOR_DEFINITIONS = (
					"DEBUG=1",
					"$(inherited)",
				);
				GCC_WARN_64_TO_32_BIT_CONVERSION = YES;
				GCC_WARN_ABOUT_RETURN_TYPE = YES_ERROR;
				GCC_WARN_UNDECLARED_SELECTOR = YES;
				GCC_WARN_UNINITIALIZED_AUTOS = YES_AGGRESSIVE;
				GCC_WARN_UNUSED_FUNCTION = YES;
				GCC_WARN_UNUSED_VARIABLE = YES;
				IPHONEOS_DEPLOYMENT_TARGET = 15.4;
				MTL_ENABLE_DEBUG_INFO = INCLUDE_SOURCE;
				MTL_FAST_MATH = YES;
				ONLY_ACTIVE_ARCH = YES;
				SDKROOT = iphoneos;
				SWIFT_ACTIVE_COMPILATION_CONDITIONS = DEBUG;
				SWIFT_OPTIMIZATION_LEVEL = "-Onone";
			};
			name = Debug;
		};
		B3AA91A728184785004F004C /* Release */ = {
			isa = XCBuildConfiguration;
			buildSettings = {
				ALWAYS_SEARCH_USER_PATHS = NO;
				CLANG_ANALYZER_NONNULL = YES;
				CLANG_ANALYZER_NUMBER_OBJECT_CONVERSION = YES_AGGRESSIVE;
				CLANG_CXX_LANGUAGE_STANDARD = "gnu++17";
				CLANG_ENABLE_MODULES = YES;
				CLANG_ENABLE_OBJC_ARC = YES;
				CLANG_ENABLE_OBJC_WEAK = YES;
				CLANG_WARN_BLOCK_CAPTURE_AUTORELEASING = YES;
				CLANG_WARN_BOOL_CONVERSION = YES;
				CLANG_WARN_COMMA = YES;
				CLANG_WARN_CONSTANT_CONVERSION = YES;
				CLANG_WARN_DEPRECATED_OBJC_IMPLEMENTATIONS = YES;
				CLANG_WARN_DIRECT_OBJC_ISA_USAGE = YES_ERROR;
				CLANG_WARN_DOCUMENTATION_COMMENTS = YES;
				CLANG_WARN_EMPTY_BODY = YES;
				CLANG_WARN_ENUM_CONVERSION = YES;
				CLANG_WARN_INFINITE_RECURSION = YES;
				CLANG_WARN_INT_CONVERSION = YES;
				CLANG_WARN_NON_LITERAL_NULL_CONVERSION = YES;
				CLANG_WARN_OBJC_IMPLICIT_RETAIN_SELF = YES;
				CLANG_WARN_OBJC_LITERAL_CONVERSION = YES;
				CLANG_WARN_OBJC_ROOT_CLASS = YES_ERROR;
				CLANG_WARN_QUOTED_INCLUDE_IN_FRAMEWORK_HEADER = YES;
				CLANG_WARN_RANGE_LOOP_ANALYSIS = YES;
				CLANG_WARN_STRICT_PROTOTYPES = YES;
				CLANG_WARN_SUSPICIOUS_MOVE = YES;
				CLANG_WARN_UNGUARDED_AVAILABILITY = YES_AGGRESSIVE;
				CLANG_WARN_UNREACHABLE_CODE = YES;
				CLANG_WARN__DUPLICATE_METHOD_MATCH = YES;
				COPY_PHASE_STRIP = NO;
				DEBUG_INFORMATION_FORMAT = "dwarf-with-dsym";
				ENABLE_NS_ASSERTIONS = NO;
				ENABLE_STRICT_OBJC_MSGSEND = YES;
				GCC_C_LANGUAGE_STANDARD = gnu11;
				GCC_NO_COMMON_BLOCKS = YES;
				GCC_WARN_64_TO_32_BIT_CONVERSION = YES;
				GCC_WARN_ABOUT_RETURN_TYPE = YES_ERROR;
				GCC_WARN_UNDECLARED_SELECTOR = YES;
				GCC_WARN_UNINITIALIZED_AUTOS = YES_AGGRESSIVE;
				GCC_WARN_UNUSED_FUNCTION = YES;
				GCC_WARN_UNUSED_VARIABLE = YES;
				IPHONEOS_DEPLOYMENT_TARGET = 15.4;
				MTL_ENABLE_DEBUG_INFO = NO;
				MTL_FAST_MATH = YES;
				SDKROOT = iphoneos;
				SWIFT_COMPILATION_MODE = wholemodule;
				SWIFT_OPTIMIZATION_LEVEL = "-O";
				VALIDATE_PRODUCT = YES;
			};
			name = Release;
		};
		B3AA91A928184785004F004C /* Debug */ = {
			isa = XCBuildConfiguration;
			buildSettings = {
				ASSETCATALOG_COMPILER_APPICON_NAME = AppIcon;
				ASSETCATALOG_COMPILER_GLOBAL_ACCENT_COLOR_NAME = AccentColor;
				CODE_SIGN_STYLE = Automatic;
				CURRENT_PROJECT_VERSION = 2;
				DEVELOPMENT_ASSET_PATHS = "\"Time Log/Preview Content\"";
				DEVELOPMENT_TEAM = DMT6N6X4A4;
				ENABLE_PREVIEWS = YES;
				GENERATE_INFOPLIST_FILE = YES;
				INFOPLIST_FILE = "Time-Log-Info.plist";
				INFOPLIST_KEY_CFBundleDisplayName = "Calculate Time";
				INFOPLIST_KEY_LSApplicationCategoryType = "public.app-category.utilities";
				INFOPLIST_KEY_UIApplicationSceneManifest_Generation = YES;
				INFOPLIST_KEY_UIApplicationSupportsIndirectInputEvents = YES;
				INFOPLIST_KEY_UISupportedInterfaceOrientations = UIInterfaceOrientationPortrait;
				INFOPLIST_KEY_UISupportedInterfaceOrientations_iPhone = UIInterfaceOrientationPortrait;
				IPHONEOS_DEPLOYMENT_TARGET = 14.0;
				LD_RUNPATH_SEARCH_PATHS = (
					"$(inherited)",
					"@executable_path/Frameworks",
				);
				MARKETING_VERSION = 1.0.2;
				PRODUCT_BUNDLE_IDENTIFIER = "io.cenkyavuz.time-log";
				PRODUCT_NAME = "$(TARGET_NAME)";
				SWIFT_EMIT_LOC_STRINGS = YES;
				SWIFT_VERSION = 5.0;
				TARGETED_DEVICE_FAMILY = 1;
			};
			name = Debug;
		};
		B3AA91AA28184785004F004C /* Release */ = {
			isa = XCBuildConfiguration;
			buildSettings = {
				ASSETCATALOG_COMPILER_APPICON_NAME = AppIcon;
				ASSETCATALOG_COMPILER_GLOBAL_ACCENT_COLOR_NAME = AccentColor;
				CODE_SIGN_STYLE = Automatic;
				CURRENT_PROJECT_VERSION = 2;
				DEVELOPMENT_ASSET_PATHS = "\"Time Log/Preview Content\"";
				DEVELOPMENT_TEAM = DMT6N6X4A4;
				ENABLE_PREVIEWS = YES;
				GENERATE_INFOPLIST_FILE = YES;
				INFOPLIST_FILE = "Time-Log-Info.plist";
				INFOPLIST_KEY_CFBundleDisplayName = "Calculate Time";
				INFOPLIST_KEY_LSApplicationCategoryType = "public.app-category.utilities";
				INFOPLIST_KEY_UIApplicationSceneManifest_Generation = YES;
				INFOPLIST_KEY_UIApplicationSupportsIndirectInputEvents = YES;
				INFOPLIST_KEY_UISupportedInterfaceOrientations = UIInterfaceOrientationPortrait;
				INFOPLIST_KEY_UISupportedInterfaceOrientations_iPhone = UIInterfaceOrientationPortrait;
				IPHONEOS_DEPLOYMENT_TARGET = 14.0;
				LD_RUNPATH_SEARCH_PATHS = (
					"$(inherited)",
					"@executable_path/Frameworks",
				);
				MARKETING_VERSION = 1.0.2;
				PRODUCT_BUNDLE_IDENTIFIER = "io.cenkyavuz.time-log";
				PRODUCT_NAME = "$(TARGET_NAME)";
				SWIFT_EMIT_LOC_STRINGS = YES;
				SWIFT_VERSION = 5.0;
				TARGETED_DEVICE_FAMILY = 1;
			};
			name = Release;
		};
/* End XCBuildConfiguration section */

/* Begin XCConfigurationList section */
		B3AA919528184781004F004C /* Build configuration list for PBXProject "Time Log" */ = {
			isa = XCConfigurationList;
			buildConfigurations = (
				B3AA91A628184785004F004C /* Debug */,
				B3AA91A728184785004F004C /* Release */,
			);
			defaultConfigurationIsVisible = 0;
			defaultConfigurationName = Release;
		};
		B3AA91A828184785004F004C /* Build configuration list for PBXNativeTarget "Time Log" */ = {
			isa = XCConfigurationList;
			buildConfigurations = (
				B3AA91A928184785004F004C /* Debug */,
				B3AA91AA28184785004F004C /* Release */,
			);
			defaultConfigurationIsVisible = 0;
			defaultConfigurationName = Release;
		};
/* End XCConfigurationList section */
	};
	rootObject = B3AA919228184781004F004C /* Project object */;
}
